# This file is automatically @generated by Cargo.
# It is not intended for manual editing.
version = 4

[[package]]
name = "pgproxy-admin"
version = "0.0.0"
dependencies = [
 "pgproxy-pool",
 "pgproxy-session",
]

[[package]]
name = "pgproxy-cli"
version = "0.0.0"
dependencies = [
 "pgproxy-core",
]

[[package]]
name = "pgproxy-core"
version = "0.0.0"
dependencies = [
 "pgproxy-admin",
 "pgproxy-parser",
 "pgproxy-policy",
 "pgproxy-pool",
 "pgproxy-session",
 "pgproxy-wire",
]

[[package]]
name = "pgproxy-parser"
version = "0.0.0"

[[package]]
name = "pgproxy-policy"
version = "0.0.0"
dependencies = [
 "pgproxy-parser",
 "pgproxy-session",
]

[[package]]
name = "pgproxy-pool"
version = "0.0.0"
dependencies = [
 "pgproxy-session",
]

[[package]]
name = "pgproxy-session"
version = "0.0.0"
dependencies = [
 "pgproxy-parser",
 "pgproxy-wire",
]

[[package]]
name = "pgproxy-wire"
version = "0.0.0"
dependencies = [
 "pgproxy-parser",
]
